
Microsoft Visual Studio Solution File, Format Version 12.00
# Visual Studio Version 16
VisualStudioVersion = 16.0.29102.190
MinimumVisualStudioVersion = 10.0.40219.1
Project("{8BC9CEB8-8B4A-11D0-8D11-00A0C91BC942}") = "HAC", "HAC.vcxproj", "{E5160B4D-C7D1-4E03-B350-39F037FFA101}"
EndProject
Global
	GlobalSection(SolutionConfigurationPlatforms) = preSolution
		Debug|x64 = Debug|x64
		Debug|x86 = Debug|x86
		Release|x64 = Release|x64
		Release|x86 = Release|x86
	EndGlobalSection
	GlobalSection(ProjectConfigurationPlatforms) = postSolution
		{E5160B4D-C7D1-4E03-B350-39F037FFA101}.Debug|x64.ActiveCfg = Debug|x64
		{E5160B4D-C7D1-4E03-B350-39F037FFA101}.Debug|x64.Build.0 = Debug|x64
		{E5160B4D-C7D1-4E03-B350-39F037FFA101}.Debug|x86.ActiveCfg = Debug|Win32
		{E5160B4D-C7D1-4E03-B350-39F037FFA101}.Debug|x86.Build.0 = Debug|Win32
		{E5160B4D-C7D1-4E03-B350-39F037FFA101}.Release|x64.ActiveCfg = Release|x64
		{E5160B4D-C7D1-4E03-B350-39F037FFA101}.Release|x64.Build.0 = Release|x64
		{E5160B4D-C7D1-4E03-B350-39F037FFA101}.Release|x86.ActiveCfg = Release|Win32
		{E5160B4D-C7D1-4E03-B350-39F037FFA101}.Release|x86.Build.0 = Release|Win32
	EndGlobalSection
	GlobalSection(SolutionProperties) = preSolution
		HideSolutionNode = FALSE
	EndGlobalSection
	GlobalSection(ExtensibilityGlobals) = postSolution
		SolutionGuid = {10C23853-5D8A-41B0-9CC5-EB016630AE28}
	EndGlobalSection
EndGlobal
